// !$*UTF8*$!
{
	archiveVersion = 1;
	classes = {
	};
	objectVersion = 46;
	objects = {

/* Begin PBXBuildFile section */
		BF1AE902157BC46E001375E8 /* icon.png in Resources */ = {isa = PBXBuildFile; fileRef = BF1AE901157BC46E001375E8 /* icon.png */; };
		BF1AE905157BC4EE001375E8 /* libz.dylib in Frameworks */ = {isa = PBXBuildFile; fileRef = BF1AE904157BC4EE001375E8 /* libz.dylib */; };
		BF1AE908157BC6E7001375E8 /* Gear.png in Resources */ = {isa = PBXBuildFile; fileRef = BF1AE906157BC6E7001375E8 /* Gear.png */; };
		BF1AE909157BC6E7001375E8 /* Gear@2x.png in Resources */ = {isa = PBXBuildFile; fileRef = BF1AE907157BC6E7001375E8 /* Gear@2x.png */; };
		BF1AE90C157BC8BD001375E8 /* GearLandscape.png in Resources */ = {isa = PBXBuildFile; fileRef = BF1AE90A157BC8BD001375E8 /* GearLandscape.png */; };
		BF1AE90D157BC8BD001375E8 /* GearLandscape@2x.png in Resources */ = {isa = PBXBuildFile; fileRef = BF1AE90B157BC8BD001375E8 /* GearLandscape@2x.png */; };
		BF1AE912157BC9D4001375E8 /* arrow.png in Resources */ = {isa = PBXBuildFile; fileRef = BF1AE90E157BC9D4001375E8 /* arrow.png */; };
		BF1AE913157BC9D4001375E8 /* arrow@2x.png in Resources */ = {isa = PBXBuildFile; fileRef = BF1AE90F157BC9D4001375E8 /* arrow@2x.png */; };
		BF1AE914157BC9D4001375E8 /* PullToRefreshView.m in Sources */ = {isa = PBXBuildFile; fileRef = BF1AE911157BC9D4001375E8 /* PullToRefreshView.m */; };
		BF1AE917157BF638001375E8 /* GBASettingsViewController.m in Sources */ = {isa = PBXBuildFile; fileRef = BF1AE916157BF638001375E8 /* GBASettingsViewController.m */; };
		BF3DD2671575B75400F918CE /* ScreenView.m in Sources */ = {isa = PBXBuildFile; fileRef = BF3DD2661575B75400F918CE /* ScreenView.m */; settings = {COMPILER_FLAGS = "-fno-objc-arc"; }; };
		BF3DD2691575B82C00F918CE /* CoreSurface.framework in Frameworks */ = {isa = PBXBuildFile; fileRef = BF3DD2681575B82C00F918CE /* CoreSurface.framework */; };
		BF3DD26B1575B9CD00F918CE /* QuartzCore.framework in Frameworks */ = {isa = PBXBuildFile; fileRef = BF3DD26A1575B9CD00F918CE /* QuartzCore.framework */; };
		BF3DD27E1575CC7300F918CE /* GraphicsServices.framework in Frameworks */ = {isa = PBXBuildFile; fileRef = BF3DD27D1575CC7300F918CE /* GraphicsServices.framework */; };
		BF3DD2841575CE2000F918CE /* GBAEmulatorViewController.m in Sources */ = {isa = PBXBuildFile; fileRef = BF3DD2831575CE2000F918CE /* GBAEmulatorViewController.m */; };
		BF9250141574B70B00036778 /* libiGBA.a in Frameworks */ = {isa = PBXBuildFile; fileRef = BF9250131574B70B00036778 /* libiGBA.a */; };
		BF9250231574B8BF00036778 /* AudioToolbox.framework in Frameworks */ = {isa = PBXBuildFile; fileRef = BF9250221574B8BF00036778 /* AudioToolbox.framework */; };
		BF92502E1574BF7C00036778 /* gba_bios.bin in Resources */ = {isa = PBXBuildFile; fileRef = BF92502D1574BF7C00036778 /* gba_bios.bin */; };
		BFA35002157739CC0049C83B /* WebBrowserViewController.m in Sources */ = {isa = PBXBuildFile; fileRef = BFA35001157739CC0049C83B /* WebBrowserViewController.m */; };
		BFE1E7E01575D56D00D5CA43 /* controller_fs0.png in Resources */ = {isa = PBXBuildFile; fileRef = BFE1E7CC1575D56D00D5CA43 /* controller_fs0.png */; };
		BFE1E7E11575D56D00D5CA43 /* controller_fs0.txt in Resources */ = {isa = PBXBuildFile; fileRef = BFE1E7CD1575D56D00D5CA43 /* controller_fs0.txt */; };
		BFE1E7E21575D56D00D5CA43 /* controller_fs1.png in Resources */ = {isa = PBXBuildFile; fileRef = BFE1E7CE1575D56D00D5CA43 /* controller_fs1.png */; };
		BFE1E7E31575D56D00D5CA43 /* controller_fs1.txt in Resources */ = {isa = PBXBuildFile; fileRef = BFE1E7CF1575D56D00D5CA43 /* controller_fs1.txt */; };
		BFE1E7E41575D56D00D5CA43 /* controller_fs2.png in Resources */ = {isa = PBXBuildFile; fileRef = BFE1E7D01575D56D00D5CA43 /* controller_fs2.png */; };
		BFE1E7E51575D56D00D5CA43 /* controller_fs2.txt in Resources */ = {isa = PBXBuildFile; fileRef = BFE1E7D11575D56D00D5CA43 /* controller_fs2.txt */; };
		BFE1E7E61575D56D00D5CA43 /* controller_fs3.png in Resources */ = {isa = PBXBuildFile; fileRef = BFE1E7D21575D56D00D5CA43 /* controller_fs3.png */; };
		BFE1E7E71575D56D00D5CA43 /* controller_fs3.txt in Resources */ = {isa = PBXBuildFile; fileRef = BFE1E7D31575D56D00D5CA43 /* controller_fs3.txt */; };
		BFE1E7E81575D56D00D5CA43 /* controller_fs4.png in Resources */ = {isa = PBXBuildFile; fileRef = BFE1E7D41575D56D00D5CA43 /* controller_fs4.png */; };
		BFE1E7E91575D56D00D5CA43 /* controller_fs4.txt in Resources */ = {isa = PBXBuildFile; fileRef = BFE1E7D51575D56D00D5CA43 /* controller_fs4.txt */; };
		BFE1E7EA1575D56D00D5CA43 /* controller_hs0.png in Resources */ = {isa = PBXBuildFile; fileRef = BFE1E7D61575D56D00D5CA43 /* controller_hs0.png */; };
		BFE1E7EB1575D56D00D5CA43 /* controller_hs0.txt in Resources */ = {isa = PBXBuildFile; fileRef = BFE1E7D71575D56D00D5CA43 /* controller_hs0.txt */; };
		BFE1E7EC1575D56D00D5CA43 /* controller_hs1.png in Resources */ = {isa = PBXBuildFile; fileRef = BFE1E7D81575D56D00D5CA43 /* controller_hs1.png */; };
		BFE1E7ED1575D56D00D5CA43 /* controller_hs1.txt in Resources */ = {isa = PBXBuildFile; fileRef = BFE1E7D91575D56D00D5CA43 /* controller_hs1.txt */; };
		BFE1E7EE1575D56D00D5CA43 /* controller_hs2.png in Resources */ = {isa = PBXBuildFile; fileRef = BFE1E7DA1575D56D00D5CA43 /* controller_hs2.png */; };
		BFE1E7EF1575D56D00D5CA43 /* controller_hs2.txt in Resources */ = {isa = PBXBuildFile; fileRef = BFE1E7DB1575D56D00D5CA43 /* controller_hs2.txt */; };
		BFE1E7F01575D56D00D5CA43 /* controller_hs3.png in Resources */ = {isa = PBXBuildFile; fileRef = BFE1E7DC1575D56D00D5CA43 /* controller_hs3.png */; };
		BFE1E7F11575D56D00D5CA43 /* controller_hs3.txt in Resources */ = {isa = PBXBuildFile; fileRef = BFE1E7DD1575D56D00D5CA43 /* controller_hs3.txt */; };
		BFE1E7F21575D56D00D5CA43 /* controller_hs4.png in Resources */ = {isa = PBXBuildFile; fileRef = BFE1E7DE1575D56D00D5CA43 /* controller_hs4.png */; };
		BFE1E7F31575D56D00D5CA43 /* controller_hs4.txt in Resources */ = {isa = PBXBuildFile; fileRef = BFE1E7DF1575D56D00D5CA43 /* controller_hs4.txt */; };
		BFE1E8001575DCF400D5CA43 /* GBAControllerViewController.m in Sources */ = {isa = PBXBuildFile; fileRef = BFE1E7FF1575DCF400D5CA43 /* GBAControllerViewController.m */; };
		BFE400C7156CA70000E33279 /* UIKit.framework in Frameworks */ = {isa = PBXBuildFile; fileRef = BFE400C6156CA70000E33279 /* UIKit.framework */; };
		BFE400C9156CA70000E33279 /* Foundation.framework in Frameworks */ = {isa = PBXBuildFile; fileRef = BFE400C8156CA70000E33279 /* Foundation.framework */; };
		BFE400CB156CA70000E33279 /* CoreGraphics.framework in Frameworks */ = {isa = PBXBuildFile; fileRef = BFE400CA156CA70000E33279 /* CoreGraphics.framework */; };
		BFE400D1156CA70100E33279 /* InfoPlist.strings in Resources */ = {isa = PBXBuildFile; fileRef = BFE400CF156CA70100E33279 /* InfoPlist.strings */; };
		BFE400D3156CA70100E33279 /* main.m in Sources */ = {isa = PBXBuildFile; fileRef = BFE400D2156CA70100E33279 /* main.m */; };
		BFE400D7156CA70100E33279 /* GBAAppDelegate.m in Sources */ = {isa = PBXBuildFile; fileRef = BFE400D6156CA70100E33279 /* GBAAppDelegate.m */; };
		BFE400DA156CA70100E33279 /* MainStoryboard_iPhone.storyboard in Resources */ = {isa = PBXBuildFile; fileRef = BFE400D8156CA70100E33279 /* MainStoryboard_iPhone.storyboard */; };
		BFE400DD156CA70100E33279 /* MainStoryboard_iPad.storyboard in Resources */ = {isa = PBXBuildFile; fileRef = BFE400DB156CA70100E33279 /* MainStoryboard_iPad.storyboard */; };
		BFE400E0156CA70100E33279 /* GBAMasterViewController.m in Sources */ = {isa = PBXBuildFile; fileRef = BFE400DF156CA70100E33279 /* GBAMasterViewController.m */; };
		BFE400E3156CA70100E33279 /* GBADetailViewController.m in Sources */ = {isa = PBXBuildFile; fileRef = BFE400E2156CA70100E33279 /* GBADetailViewController.m */; };
/* End PBXBuildFile section */

/* Begin PBXFileReference section */
		BF1AE901157BC46E001375E8 /* icon.png */ = {isa = PBXFileReference; lastKnownFileType = image.png; path = icon.png; sourceTree = "<group>"; };
		BF1AE904157BC4EE001375E8 /* libz.dylib */ = {isa = PBXFileReference; lastKnownFileType = "compiled.mach-o.dylib"; name = libz.dylib; path = usr/lib/libz.dylib; sourceTree = SDKROOT; };
		BF1AE906157BC6E7001375E8 /* Gear.png */ = {isa = PBXFileReference; lastKnownFileType = image.png; path = Gear.png; sourceTree = "<group>"; };
		BF1AE907157BC6E7001375E8 /* Gear@2x.png */ = {isa = PBXFileReference; lastKnownFileType = image.png; path = "Gear@2x.png"; sourceTree = "<group>"; };
		BF1AE90A157BC8BD001375E8 /* GearLandscape.png */ = {isa = PBXFileReference; lastKnownFileType = image.png; path = GearLandscape.png; sourceTree = "<group>"; };
		BF1AE90B157BC8BD001375E8 /* GearLandscape@2x.png */ = {isa = PBXFileReference; lastKnownFileType = image.png; path = "GearLandscape@2x.png"; sourceTree = "<group>"; };
		BF1AE90E157BC9D4001375E8 /* arrow.png */ = {isa = PBXFileReference; lastKnownFileType = image.png; path = arrow.png; sourceTree = "<group>"; };
		BF1AE90F157BC9D4001375E8 /* arrow@2x.png */ = {isa = PBXFileReference; lastKnownFileType = image.png; path = "arrow@2x.png"; sourceTree = "<group>"; };
		BF1AE910157BC9D4001375E8 /* PullToRefreshView.h */ = {isa = PBXFileReference; fileEncoding = 4; lastKnownFileType = sourcecode.c.h; path = PullToRefreshView.h; sourceTree = "<group>"; };
		BF1AE911157BC9D4001375E8 /* PullToRefreshView.m */ = {isa = PBXFileReference; fileEncoding = 4; lastKnownFileType = sourcecode.c.objc; path = PullToRefreshView.m; sourceTree = "<group>"; };
		BF1AE915157BF638001375E8 /* GBASettingsViewController.h */ = {isa = PBXFileReference; fileEncoding = 4; lastKnownFileType = sourcecode.c.h; path = GBASettingsViewController.h; sourceTree = "<group>"; };
		BF1AE916157BF638001375E8 /* GBASettingsViewController.m */ = {isa = PBXFileReference; fileEncoding = 4; lastKnownFileType = sourcecode.c.objc; path = GBASettingsViewController.m; sourceTree = "<group>"; };
		BF3DD2651575B75400F918CE /* ScreenView.h */ = {isa = PBXFileReference; fileEncoding = 4; lastKnownFileType = sourcecode.c.h; path = ScreenView.h; sourceTree = "<group>"; };
		BF3DD2661575B75400F918CE /* ScreenView.m */ = {isa = PBXFileReference; fileEncoding = 4; lastKnownFileType = sourcecode.c.objc; path = ScreenView.m; sourceTree = "<group>"; };
		BF3DD2681575B82C00F918CE /* CoreSurface.framework */ = {isa = PBXFileReference; lastKnownFileType = wrapper.framework; name = CoreSurface.framework; path = System/Library/PrivateFrameworks/CoreSurface.framework; sourceTree = SDKROOT; };
		BF3DD26A1575B9CD00F918CE /* QuartzCore.framework */ = {isa = PBXFileReference; lastKnownFileType = wrapper.framework; name = QuartzCore.framework; path = System/Library/Frameworks/QuartzCore.framework; sourceTree = SDKROOT; };
		BF3DD27D1575CC7300F918CE /* GraphicsServices.framework */ = {isa = PBXFileReference; lastKnownFileType = wrapper.framework; name = GraphicsServices.framework; path = System/Library/PrivateFrameworks/GraphicsServices.framework; sourceTree = SDKROOT; };
		BF3DD2821575CE2000F918CE /* GBAEmulatorViewController.h */ = {isa = PBXFileReference; fileEncoding = 4; lastKnownFileType = sourcecode.c.h; path = GBAEmulatorViewController.h; sourceTree = "<group>"; };
		BF3DD2831575CE2000F918CE /* GBAEmulatorViewController.m */ = {isa = PBXFileReference; fileEncoding = 4; lastKnownFileType = sourcecode.c.objc; path = GBAEmulatorViewController.m; sourceTree = "<group>"; };
		BF9250131574B70B00036778 /* libiGBA.a */ = {isa = PBXFileReference; lastKnownFileType = archive.ar; name = libiGBA.a; path = "../../../../../../Library/Developer/Xcode/DerivedData/GBA4iOS-aayhduesxakweacixeckqrqciynb/Build/Products/Debug-iphoneos/libiGBA.a"; sourceTree = "<group>"; };
		BF9250221574B8BF00036778 /* AudioToolbox.framework */ = {isa = PBXFileReference; lastKnownFileType = wrapper.framework; name = AudioToolbox.framework; path = System/Library/Frameworks/AudioToolbox.framework; sourceTree = SDKROOT; };
		BF92502D1574BF7C00036778 /* gba_bios.bin */ = {isa = PBXFileReference; lastKnownFileType = archive.macbinary; path = gba_bios.bin; sourceTree = "<group>"; };
		BFA35000157739CC0049C83B /* WebBrowserViewController.h */ = {isa = PBXFileReference; fileEncoding = 4; lastKnownFileType = sourcecode.c.h; path = WebBrowserViewController.h; sourceTree = "<group>"; };
		BFA35001157739CC0049C83B /* WebBrowserViewController.m */ = {isa = PBXFileReference; fileEncoding = 4; lastKnownFileType = sourcecode.c.objc; path = WebBrowserViewController.m; sourceTree = "<group>"; };
		BFE1E7CC1575D56D00D5CA43 /* controller_fs0.png */ = {isa = PBXFileReference; lastKnownFileType = image.png; path = controller_fs0.png; sourceTree = "<group>"; };
		BFE1E7CD1575D56D00D5CA43 /* controller_fs0.txt */ = {isa = PBXFileReference; fileEncoding = 4; lastKnownFileType = text; path = controller_fs0.txt; sourceTree = "<group>"; };
		BFE1E7CE1575D56D00D5CA43 /* controller_fs1.png */ = {isa = PBXFileReference; lastKnownFileType = image.png; path = controller_fs1.png; sourceTree = "<group>"; };
		BFE1E7CF1575D56D00D5CA43 /* controller_fs1.txt */ = {isa = PBXFileReference; fileEncoding = 4; lastKnownFileType = text; path = controller_fs1.txt; sourceTree = "<group>"; };
		BFE1E7D01575D56D00D5CA43 /* controller_fs2.png */ = {isa = PBXFileReference; lastKnownFileType = image.png; path = controller_fs2.png; sourceTree = "<group>"; };
		BFE1E7D11575D56D00D5CA43 /* controller_fs2.txt */ = {isa = PBXFileReference; fileEncoding = 4; lastKnownFileType = text; path = controller_fs2.txt; sourceTree = "<group>"; };
		BFE1E7D21575D56D00D5CA43 /* controller_fs3.png */ = {isa = PBXFileReference; lastKnownFileType = image.png; path = controller_fs3.png; sourceTree = "<group>"; };
		BFE1E7D31575D56D00D5CA43 /* controller_fs3.txt */ = {isa = PBXFileReference; fileEncoding = 4; lastKnownFileType = text; path = controller_fs3.txt; sourceTree = "<group>"; };
		BFE1E7D41575D56D00D5CA43 /* controller_fs4.png */ = {isa = PBXFileReference; lastKnownFileType = image.png; path = controller_fs4.png; sourceTree = "<group>"; };
		BFE1E7D51575D56D00D5CA43 /* controller_fs4.txt */ = {isa = PBXFileReference; fileEncoding = 4; lastKnownFileType = text; path = controller_fs4.txt; sourceTree = "<group>"; };
		BFE1E7D61575D56D00D5CA43 /* controller_hs0.png */ = {isa = PBXFileReference; lastKnownFileType = image.png; path = controller_hs0.png; sourceTree = "<group>"; };
		BFE1E7D71575D56D00D5CA43 /* controller_hs0.txt */ = {isa = PBXFileReference; fileEncoding = 4; lastKnownFileType = text; path = controller_hs0.txt; sourceTree = "<group>"; };
		BFE1E7D81575D56D00D5CA43 /* controller_hs1.png */ = {isa = PBXFileReference; lastKnownFileType = image.png; path = controller_hs1.png; sourceTree = "<group>"; };
		BFE1E7D91575D56D00D5CA43 /* controller_hs1.txt */ = {isa = PBXFileReference; fileEncoding = 4; lastKnownFileType = text; path = controller_hs1.txt; sourceTree = "<group>"; };
		BFE1E7DA1575D56D00D5CA43 /* controller_hs2.png */ = {isa = PBXFileReference; lastKnownFileType = image.png; path = controller_hs2.png; sourceTree = "<group>"; };
		BFE1E7DB1575D56D00D5CA43 /* controller_hs2.txt */ = {isa = PBXFileReference; fileEncoding = 4; lastKnownFileType = text; path = controller_hs2.txt; sourceTree = "<group>"; };
		BFE1E7DC1575D56D00D5CA43 /* controller_hs3.png */ = {isa = PBXFileReference; lastKnownFileType = image.png; path = controller_hs3.png; sourceTree = "<group>"; };
		BFE1E7DD1575D56D00D5CA43 /* controller_hs3.txt */ = {isa = PBXFileReference; fileEncoding = 4; lastKnownFileType = text; path = controller_hs3.txt; sourceTree = "<group>"; };
		BFE1E7DE1575D56D00D5CA43 /* controller_hs4.png */ = {isa = PBXFileReference; lastKnownFileType = image.png; path = controller_hs4.png; sourceTree = "<group>"; };
		BFE1E7DF1575D56D00D5CA43 /* controller_hs4.txt */ = {isa = PBXFileReference; fileEncoding = 4; lastKnownFileType = text; path = controller_hs4.txt; sourceTree = "<group>"; };
		BFE1E7FE1575DCF400D5CA43 /* GBAControllerViewController.h */ = {isa = PBXFileReference; fileEncoding = 4; lastKnownFileType = sourcecode.c.h; path = GBAControllerViewController.h; sourceTree = "<group>"; };
		BFE1E7FF1575DCF400D5CA43 /* GBAControllerViewController.m */ = {isa = PBXFileReference; fileEncoding = 4; lastKnownFileType = sourcecode.c.objc; path = GBAControllerViewController.m; sourceTree = "<group>"; };
		BFE400C2156CA70000E33279 /* GBA4iOS.app */ = {isa = PBXFileReference; explicitFileType = wrapper.application; includeInIndex = 0; path = GBA4iOS.app; sourceTree = BUILT_PRODUCTS_DIR; };
		BFE400C6156CA70000E33279 /* UIKit.framework */ = {isa = PBXFileReference; lastKnownFileType = wrapper.framework; name = UIKit.framework; path = System/Library/Frameworks/UIKit.framework; sourceTree = SDKROOT; };
		BFE400C8156CA70000E33279 /* Foundation.framework */ = {isa = PBXFileReference; lastKnownFileType = wrapper.framework; name = Foundation.framework; path = System/Library/Frameworks/Foundation.framework; sourceTree = SDKROOT; };
		BFE400CA156CA70000E33279 /* CoreGraphics.framework */ = {isa = PBXFileReference; lastKnownFileType = wrapper.framework; name = CoreGraphics.framework; path = System/Library/Frameworks/CoreGraphics.framework; sourceTree = SDKROOT; };
		BFE400CE156CA70100E33279 /* GBA4iOS-Info.plist */ = {isa = PBXFileReference; lastKnownFileType = text.plist.xml; path = "GBA4iOS-Info.plist"; sourceTree = "<group>"; };
		BFE400D0156CA70100E33279 /* en */ = {isa = PBXFileReference; lastKnownFileType = text.plist.strings; name = en; path = en.lproj/InfoPlist.strings; sourceTree = "<group>"; };
		BFE400D2156CA70100E33279 /* main.m */ = {isa = PBXFileReference; lastKnownFileType = sourcecode.c.objc; path = main.m; sourceTree = "<group>"; };
		BFE400D4156CA70100E33279 /* GBA4iOS-Prefix.pch */ = {isa = PBXFileReference; lastKnownFileType = sourcecode.c.h; path = "GBA4iOS-Prefix.pch"; sourceTree = "<group>"; };
		BFE400D5156CA70100E33279 /* GBAAppDelegate.h */ = {isa = PBXFileReference; lastKnownFileType = sourcecode.c.h; path = GBAAppDelegate.h; sourceTree = "<group>"; };
		BFE400D6156CA70100E33279 /* GBAAppDelegate.m */ = {isa = PBXFileReference; lastKnownFileType = sourcecode.c.objc; path = GBAAppDelegate.m; sourceTree = "<group>"; };
		BFE400D9156CA70100E33279 /* en */ = {isa = PBXFileReference; lastKnownFileType = file.storyboard; name = en; path = en.lproj/MainStoryboard_iPhone.storyboard; sourceTree = "<group>"; };
		BFE400DC156CA70100E33279 /* en */ = {isa = PBXFileReference; lastKnownFileType = file.storyboard; name = en; path = en.lproj/MainStoryboard_iPad.storyboard; sourceTree = "<group>"; };
		BFE400DE156CA70100E33279 /* GBAMasterViewController.h */ = {isa = PBXFileReference; lastKnownFileType = sourcecode.c.h; path = GBAMasterViewController.h; sourceTree = "<group>"; };
		BFE400DF156CA70100E33279 /* GBAMasterViewController.m */ = {isa = PBXFileReference; lastKnownFileType = sourcecode.c.objc; path = GBAMasterViewController.m; sourceTree = "<group>"; };
		BFE400E1156CA70100E33279 /* GBADetailViewController.h */ = {isa = PBXFileReference; lastKnownFileType = sourcecode.c.h; path = GBADetailViewController.h; sourceTree = "<group>"; };
		BFE400E2156CA70100E33279 /* GBADetailViewController.m */ = {isa = PBXFileReference; lastKnownFileType = sourcecode.c.objc; path = GBADetailViewController.m; sourceTree = "<group>"; };
/* End PBXFileReference section */

/* Begin PBXFrameworksBuildPhase section */
		BFE400BF156CA70000E33279 /* Frameworks */ = {
			isa = PBXFrameworksBuildPhase;
			buildActionMask = 2147483647;
			files = (
				BF1AE905157BC4EE001375E8 /* libz.dylib in Frameworks */,
				BF3DD27E1575CC7300F918CE /* GraphicsServices.framework in Frameworks */,
				BF3DD26B1575B9CD00F918CE /* QuartzCore.framework in Frameworks */,
				BF3DD2691575B82C00F918CE /* CoreSurface.framework in Frameworks */,
				BF9250231574B8BF00036778 /* AudioToolbox.framework in Frameworks */,
				BF9250141574B70B00036778 /* libiGBA.a in Frameworks */,
				BFE400C7156CA70000E33279 /* UIKit.framework in Frameworks */,
				BFE400C9156CA70000E33279 /* Foundation.framework in Frameworks */,
				BFE400CB156CA70000E33279 /* CoreGraphics.framework in Frameworks */,
			);
			runOnlyForDeploymentPostprocessing = 0;
		};
/* End PBXFrameworksBuildPhase section */

/* Begin PBXGroup section */
		BF1AE918157BF643001375E8 /* Imported Files */ = {
			isa = PBXGroup;
			children = (
				BF1AE910157BC9D4001375E8 /* PullToRefreshView.h */,
				BF1AE911157BC9D4001375E8 /* PullToRefreshView.m */,
				BF3DD2651575B75400F918CE /* ScreenView.h */,
				BF3DD2661575B75400F918CE /* ScreenView.m */,
				BFA35000157739CC0049C83B /* WebBrowserViewController.h */,
				BFA35001157739CC0049C83B /* WebBrowserViewController.m */,
			);
			name = "Imported Files";
			sourceTree = "<group>";
		};
		BF1AE91C157BF8C1001375E8 /* Settings */ = {
			isa = PBXGroup;
			children = (
				BF1AE915157BF638001375E8 /* GBASettingsViewController.h */,
				BF1AE916157BF638001375E8 /* GBASettingsViewController.m */,
			);
			name = Settings;
			sourceTree = "<group>";
		};
		BF1AE91D157BF8D0001375E8 /* Emulator View */ = {
			isa = PBXGroup;
			children = (
				BF3DD2821575CE2000F918CE /* GBAEmulatorViewController.h */,
				BF3DD2831575CE2000F918CE /* GBAEmulatorViewController.m */,
				BFE1E7FE1575DCF400D5CA43 /* GBAControllerViewController.h */,
				BFE1E7FF1575DCF400D5CA43 /* GBAControllerViewController.m */,
			);
			name = "Emulator View";
			sourceTree = "<group>";
		};
		BFE1E7C91575D54C00D5CA43 /* Resources */ = {
			isa = PBXGroup;
			children = (
				BFE400D8156CA70100E33279 /* MainStoryboard_iPhone.storyboard */,
				BFE400DB156CA70100E33279 /* MainStoryboard_iPad.storyboard */,
				BF1AE90E157BC9D4001375E8 /* arrow.png */,
				BF1AE90F157BC9D4001375E8 /* arrow@2x.png */,
				BF1AE906157BC6E7001375E8 /* Gear.png */,
				BF1AE907157BC6E7001375E8 /* Gear@2x.png */,
				BF1AE90A157BC8BD001375E8 /* GearLandscape.png */,
				BF1AE90B157BC8BD001375E8 /* GearLandscape@2x.png */,
				BF1AE901157BC46E001375E8 /* icon.png */,
				BFE1E7CB1575D56000D5CA43 /* Controller */,
			);
			name = Resources;
			path = GBA4iOS;
			sourceTree = "<group>";
		};
		BFE1E7CB1575D56000D5CA43 /* Controller */ = {
			isa = PBXGroup;
			children = (
				BFE1E7CC1575D56D00D5CA43 /* controller_fs0.png */,
				BFE1E7CD1575D56D00D5CA43 /* controller_fs0.txt */,
				BFE1E7CE1575D56D00D5CA43 /* controller_fs1.png */,
				BFE1E7CF1575D56D00D5CA43 /* controller_fs1.txt */,
				BFE1E7D01575D56D00D5CA43 /* controller_fs2.png */,
				BFE1E7D11575D56D00D5CA43 /* controller_fs2.txt */,
				BFE1E7D21575D56D00D5CA43 /* controller_fs3.png */,
				BFE1E7D31575D56D00D5CA43 /* controller_fs3.txt */,
				BFE1E7D41575D56D00D5CA43 /* controller_fs4.png */,
				BFE1E7D51575D56D00D5CA43 /* controller_fs4.txt */,
				BFE1E7D61575D56D00D5CA43 /* controller_hs0.png */,
				BFE1E7D71575D56D00D5CA43 /* controller_hs0.txt */,
				BFE1E7D81575D56D00D5CA43 /* controller_hs1.png */,
				BFE1E7D91575D56D00D5CA43 /* controller_hs1.txt */,
				BFE1E7DA1575D56D00D5CA43 /* controller_hs2.png */,
				BFE1E7DB1575D56D00D5CA43 /* controller_hs2.txt */,
				BFE1E7DC1575D56D00D5CA43 /* controller_hs3.png */,
				BFE1E7DD1575D56D00D5CA43 /* controller_hs3.txt */,
				BFE1E7DE1575D56D00D5CA43 /* controller_hs4.png */,
				BFE1E7DF1575D56D00D5CA43 /* controller_hs4.txt */,
			);
			name = Controller;
			sourceTree = "<group>";
		};
		BFE400B7156CA70000E33279 = {
			isa = PBXGroup;
			children = (
				BFE400CC156CA70000E33279 /* GBA4iOS */,
				BFE1E7C91575D54C00D5CA43 /* Resources */,
				BFE400C5156CA70000E33279 /* Frameworks */,
				BFE400C3156CA70000E33279 /* Products */,
			);
			sourceTree = "<group>";
		};
		BFE400C3156CA70000E33279 /* Products */ = {
			isa = PBXGroup;
			children = (
				BFE400C2156CA70000E33279 /* GBA4iOS.app */,
			);
			name = Products;
			sourceTree = "<group>";
		};
		BFE400C5156CA70000E33279 /* Frameworks */ = {
			isa = PBXGroup;
			children = (
				BF1AE904157BC4EE001375E8 /* libz.dylib */,
				BF3DD27D1575CC7300F918CE /* GraphicsServices.framework */,
				BF92502D1574BF7C00036778 /* gba_bios.bin */,
				BF9250131574B70B00036778 /* libiGBA.a */,
				BF3DD26A1575B9CD00F918CE /* QuartzCore.framework */,
				BF3DD2681575B82C00F918CE /* CoreSurface.framework */,
				BF9250221574B8BF00036778 /* AudioToolbox.framework */,
				BFE400C6156CA70000E33279 /* UIKit.framework */,
				BFE400C8156CA70000E33279 /* Foundation.framework */,
				BFE400CA156CA70000E33279 /* CoreGraphics.framework */,
			);
			name = Frameworks;
			sourceTree = "<group>";
		};
		BFE400CC156CA70000E33279 /* GBA4iOS */ = {
			isa = PBXGroup;
			children = (
				BFE400D5156CA70100E33279 /* GBAAppDelegate.h */,
				BFE400D6156CA70100E33279 /* GBAAppDelegate.m */,
				BFE400DE156CA70100E33279 /* GBAMasterViewController.h */,
				BFE400DF156CA70100E33279 /* GBAMasterViewController.m */,
				BFE400E1156CA70100E33279 /* GBADetailViewController.h */,
				BFE400E2156CA70100E33279 /* GBADetailViewController.m */,
				BF1AE91C157BF8C1001375E8 /* Settings */,
				BF1AE91D157BF8D0001375E8 /* Emulator View */,
				BF1AE918157BF643001375E8 /* Imported Files */,
				BFE400CD156CA70100E33279 /* Supporting Files */,
			);
			path = GBA4iOS;
			sourceTree = "<group>";
		};
		BFE400CD156CA70100E33279 /* Supporting Files */ = {
			isa = PBXGroup;
			children = (
				BFE400CE156CA70100E33279 /* GBA4iOS-Info.plist */,
				BFE400CF156CA70100E33279 /* InfoPlist.strings */,
				BFE400D2156CA70100E33279 /* main.m */,
				BFE400D4156CA70100E33279 /* GBA4iOS-Prefix.pch */,
			);
			name = "Supporting Files";
			sourceTree = "<group>";
		};
/* End PBXGroup section */

/* Begin PBXNativeTarget section */
		BFE400C1156CA70000E33279 /* GBA4iOS */ = {
			isa = PBXNativeTarget;
			buildConfigurationList = BFE400E6156CA70100E33279 /* Build configuration list for PBXNativeTarget "GBA4iOS" */;
			buildPhases = (
				BFE400BE156CA70000E33279 /* Sources */,
				BFE400BF156CA70000E33279 /* Frameworks */,
				BFE400C0156CA70000E33279 /* Resources */,
			);
			buildRules = (
			);
			dependencies = (
			);
			name = GBA4iOS;
			productName = GBA4iOS;
			productReference = BFE400C2156CA70000E33279 /* GBA4iOS.app */;
			productType = "com.apple.product-type.application";
		};
/* End PBXNativeTarget section */

/* Begin PBXProject section */
		BFE400B9156CA70000E33279 /* Project object */ = {
			isa = PBXProject;
			attributes = {
				CLASSPREFIX = GBA;
				LastUpgradeCheck = 0430;
				ORGANIZATIONNAME = "Testut Tech";
			};
			buildConfigurationList = BFE400BC156CA70000E33279 /* Build configuration list for PBXProject "GBA4iOS" */;
			compatibilityVersion = "Xcode 3.2";
			developmentRegion = English;
			hasScannedForEncodings = 0;
			knownRegions = (
				en,
			);
			mainGroup = BFE400B7156CA70000E33279;
			productRefGroup = BFE400C3156CA70000E33279 /* Products */;
			projectDirPath = "";
			projectRoot = "";
			targets = (
				BFE400C1156CA70000E33279 /* GBA4iOS */,
			);
		};
/* End PBXProject section */

/* Begin PBXResourcesBuildPhase section */
		BFE400C0156CA70000E33279 /* Resources */ = {
			isa = PBXResourcesBuildPhase;
			buildActionMask = 2147483647;
			files = (
				BFE400D1156CA70100E33279 /* InfoPlist.strings in Resources */,
				BFE400DA156CA70100E33279 /* MainStoryboard_iPhone.storyboard in Resources */,
				BFE400DD156CA70100E33279 /* MainStoryboard_iPad.storyboard in Resources */,
				BF92502E1574BF7C00036778 /* gba_bios.bin in Resources */,
				BFE1E7E01575D56D00D5CA43 /* controller_fs0.png in Resources */,
				BFE1E7E11575D56D00D5CA43 /* controller_fs0.txt in Resources */,
				BFE1E7E21575D56D00D5CA43 /* controller_fs1.png in Resources */,
				BFE1E7E31575D56D00D5CA43 /* controller_fs1.txt in Resources */,
				BFE1E7E41575D56D00D5CA43 /* controller_fs2.png in Resources */,
				BFE1E7E51575D56D00D5CA43 /* controller_fs2.txt in Resources */,
				BFE1E7E61575D56D00D5CA43 /* controller_fs3.png in Resources */,
				BFE1E7E71575D56D00D5CA43 /* controller_fs3.txt in Resources */,
				BFE1E7E81575D56D00D5CA43 /* controller_fs4.png in Resources */,
				BFE1E7E91575D56D00D5CA43 /* controller_fs4.txt in Resources */,
				BFE1E7EA1575D56D00D5CA43 /* controller_hs0.png in Resources */,
				BFE1E7EB1575D56D00D5CA43 /* controller_hs0.txt in Resources */,
				BFE1E7EC1575D56D00D5CA43 /* controller_hs1.png in Resources */,
				BFE1E7ED1575D56D00D5CA43 /* controller_hs1.txt in Resources */,
				BFE1E7EE1575D56D00D5CA43 /* controller_hs2.png in Resources */,
				BFE1E7EF1575D56D00D5CA43 /* controller_hs2.txt in Resources */,
				BFE1E7F01575D56D00D5CA43 /* controller_hs3.png in Resources */,
				BFE1E7F11575D56D00D5CA43 /* controller_hs3.txt in Resources */,
				BFE1E7F21575D56D00D5CA43 /* controller_hs4.png in Resources */,
				BFE1E7F31575D56D00D5CA43 /* controller_hs4.txt in Resources */,
				BF1AE902157BC46E001375E8 /* icon.png in Resources */,
				BF1AE908157BC6E7001375E8 /* Gear.png in Resources */,
				BF1AE909157BC6E7001375E8 /* Gear@2x.png in Resources */,
				BF1AE90C157BC8BD001375E8 /* GearLandscape.png in Resources */,
				BF1AE90D157BC8BD001375E8 /* GearLandscape@2x.png in Resources */,
				BF1AE912157BC9D4001375E8 /* arrow.png in Resources */,
				BF1AE913157BC9D4001375E8 /* arrow@2x.png in Resources */,
			);
			runOnlyForDeploymentPostprocessing = 0;
		};
/* End PBXResourcesBuildPhase section */

/* Begin PBXSourcesBuildPhase section */
		BFE400BE156CA70000E33279 /* Sources */ = {
			isa = PBXSourcesBuildPhase;
			buildActionMask = 2147483647;
			files = (
				BFE400D3156CA70100E33279 /* main.m in Sources */,
				BFE400D7156CA70100E33279 /* GBAAppDelegate.m in Sources */,
				BFE400E0156CA70100E33279 /* GBAMasterViewController.m in Sources */,
				BFE400E3156CA70100E33279 /* GBADetailViewController.m in Sources */,
				BF3DD2671575B75400F918CE /* ScreenView.m in Sources */,
				BF3DD2841575CE2000F918CE /* GBAEmulatorViewController.m in Sources */,
				BFE1E8001575DCF400D5CA43 /* GBAControllerViewController.m in Sources */,
				BFA35002157739CC0049C83B /* WebBrowserViewController.m in Sources */,
				BF1AE914157BC9D4001375E8 /* PullToRefreshView.m in Sources */,
				BF1AE917157BF638001375E8 /* GBASettingsViewController.m in Sources */,
			);
			runOnlyForDeploymentPostprocessing = 0;
		};
/* End PBXSourcesBuildPhase section */

/* Begin PBXVariantGroup section */
		BFE400CF156CA70100E33279 /* InfoPlist.strings */ = {
			isa = PBXVariantGroup;
			children = (
				BFE400D0156CA70100E33279 /* en */,
			);
			name = InfoPlist.strings;
			sourceTree = "<group>";
		};
		BFE400D8156CA70100E33279 /* MainStoryboard_iPhone.storyboard */ = {
			isa = PBXVariantGroup;
			children = (
				BFE400D9156CA70100E33279 /* en */,
			);
			name = MainStoryboard_iPhone.storyboard;
			sourceTree = "<group>";
		};
		BFE400DB156CA70100E33279 /* MainStoryboard_iPad.storyboard */ = {
			isa = PBXVariantGroup;
			children = (
				BFE400DC156CA70100E33279 /* en */,
			);
			name = MainStoryboard_iPad.storyboard;
			sourceTree = "<group>";
		};
/* End PBXVariantGroup section */

/* Begin XCBuildConfiguration section */
		BF1AE921157C4F8B001375E8 /* Ad Hoc */ = {
			isa = XCBuildConfiguration;
			buildSettings = {
				ALWAYS_SEARCH_USER_PATHS = NO;
				ARCHS = "$(ARCHS_STANDARD_32_BIT)";
				CLANG_ENABLE_OBJC_ARC = YES;
				"CODE_SIGN_IDENTITY[sdk=iphoneos*]" = "iPhone Distribution: Yvette Testut";
				COPY_PHASE_STRIP = YES;
				GCC_C_LANGUAGE_STANDARD = gnu99;
				GCC_VERSION = com.apple.compilers.llvm.clang.1_0;
				GCC_WARN_ABOUT_RETURN_TYPE = YES;
				GCC_WARN_UNINITIALIZED_AUTOS = YES;
				GCC_WARN_UNUSED_VARIABLE = YES;
				IPHONEOS_DEPLOYMENT_TARGET = 5.1;
				OTHER_CFLAGS = "-DNS_BLOCK_ASSERTIONS=1";
				"PROVISIONING_PROFILE[sdk=iphoneos*]" = "2AC13673-9C2C-4E2F-96DB-B3EFF7EA5D80";
				SDKROOT = iphoneos;
				TARGETED_DEVICE_FAMILY = "1,2";
				VALIDATE_PRODUCT = YES;
			};
			name = "Ad Hoc";
		};
		BF1AE922157C4F8B001375E8 /* Ad Hoc */ = {
			isa = XCBuildConfiguration;
			buildSettings = {
				FRAMEWORK_SEARCH_PATHS = (
					"$(inherited)",
					"\"$(SDKROOT)$(SYSTEM_LIBRARY_DIR)/PrivateFrameworks\"",
				);
				GCC_PRECOMPILE_PREFIX_HEADER = YES;
				GCC_PREFIX_HEADER = "GBA4iOS/GBA4iOS-Prefix.pch";
				INFOPLIST_FILE = "GBA4iOS/GBA4iOS-Info.plist";
				LIBRARY_SEARCH_PATHS = (
					"$(inherited)",
					"\"$(SRCROOT)/../../../../../../Library/Developer/Xcode/DerivedData/GBA4iOS-aayhduesxakweacixeckqrqciynb/Build/Products/Debug-iphoneos\"",
				);
				PRODUCT_NAME = "$(TARGET_NAME)";
				TARGETED_DEVICE_FAMILY = 1;
				WRAPPER_EXTENSION = app;
			};
			name = "Ad Hoc";
		};
		BFE400E4156CA70100E33279 /* Debug */ = {
			isa = XCBuildConfiguration;
			buildSettings = {
				ALWAYS_SEARCH_USER_PATHS = NO;
				ARCHS = "$(ARCHS_STANDARD_32_BIT)";
				CLANG_ENABLE_OBJC_ARC = YES;
				"CODE_SIGN_IDENTITY[sdk=iphoneos*]" = "iPhone Developer";
				COPY_PHASE_STRIP = NO;
				GCC_C_LANGUAGE_STANDARD = gnu99;
				GCC_DYNAMIC_NO_PIC = NO;
				GCC_OPTIMIZATION_LEVEL = 0;
				GCC_PREPROCESSOR_DEFINITIONS = (
					"DEBUG=1",
					"$(inherited)",
				);
				GCC_SYMBOLS_PRIVATE_EXTERN = NO;
				GCC_VERSION = com.apple.compilers.llvm.clang.1_0;
				GCC_WARN_ABOUT_RETURN_TYPE = YES;
				GCC_WARN_UNINITIALIZED_AUTOS = YES;
				GCC_WARN_UNUSED_VARIABLE = YES;
				IPHONEOS_DEPLOYMENT_TARGET = 5.1;
				OTHER_CFLAGS = "";
				SDKROOT = iphoneos;
				TARGETED_DEVICE_FAMILY = "1,2";
			};
			name = Debug;
		};
		BFE400E5156CA70100E33279 /* Release */ = {
			isa = XCBuildConfiguration;
			buildSettings = {
				ALWAYS_SEARCH_USER_PATHS = NO;
				ARCHS = "$(ARCHS_STANDARD_32_BIT)";
				CLANG_ENABLE_OBJC_ARC = YES;
				"CODE_SIGN_IDENTITY[sdk=iphoneos*]" = "iPhone Developer";
				COPY_PHASE_STRIP = YES;
				GCC_C_LANGUAGE_STANDARD = gnu99;
				GCC_VERSION = com.apple.compilers.llvm.clang.1_0;
				GCC_WARN_ABOUT_RETURN_TYPE = YES;
				GCC_WARN_UNINITIALIZED_AUTOS = YES;
				GCC_WARN_UNUSED_VARIABLE = YES;
				IPHONEOS_DEPLOYMENT_TARGET = 5.1;
				OTHER_CFLAGS = "-DNS_BLOCK_ASSERTIONS=1";
				SDKROOT = iphoneos;
				TARGETED_DEVICE_FAMILY = "1,2";
				VALIDATE_PRODUCT = YES;
			};
			name = Release;
		};
		BFE400E7156CA70100E33279 /* Debug */ = {
			isa = XCBuildConfiguration;
			buildSettings = {
				"CODE_SIGN_IDENTITY[sdk=iphoneos*]" = "iPhone Developer: Yvette Testut (B5VNWGK3MY)";
				FRAMEWORK_SEARCH_PATHS = (
					"$(inherited)",
					"\"$(SDKROOT)$(SYSTEM_LIBRARY_DIR)/PrivateFrameworks\"",
				);
				GCC_PRECOMPILE_PREFIX_HEADER = YES;
				GCC_PREFIX_HEADER = "GBA4iOS/GBA4iOS-Prefix.pch";
				INFOPLIST_FILE = "GBA4iOS/GBA4iOS-Info.plist";
				LIBRARY_SEARCH_PATHS = (
					"$(inherited)",
					"\"$(SRCROOT)/../../../../../../Library/Developer/Xcode/DerivedData/GBA4iOS-aayhduesxakweacixeckqrqciynb/Build/Products/Debug-iphoneos\"",
				);
				PRODUCT_NAME = "$(TARGET_NAME)";
				"PROVISIONING_PROFILE[sdk=iphoneos*]" = "B2089C30-F6A2-448A-A0BE-001528343C08";
				TARGETED_DEVICE_FAMILY = 1;
				WRAPPER_EXTENSION = app;
			};
			name = Debug;
		};
		BFE400E8156CA70100E33279 /* Release */ = {
			isa = XCBuildConfiguration;
			buildSettings = {
				FRAMEWORK_SEARCH_PATHS = (
					"$(inherited)",
					"\"$(SDKROOT)$(SYSTEM_LIBRARY_DIR)/PrivateFrameworks\"",
				);
				GCC_PRECOMPILE_PREFIX_HEADER = YES;
				GCC_PREFIX_HEADER = "GBA4iOS/GBA4iOS-Prefix.pch";
				INFOPLIST_FILE = "GBA4iOS/GBA4iOS-Info.plist";
				LIBRARY_SEARCH_PATHS = (
					"$(inherited)",
					"\"$(SRCROOT)/../../../../../../Library/Developer/Xcode/DerivedData/GBA4iOS-aayhduesxakweacixeckqrqciynb/Build/Products/Debug-iphoneos\"",
				);
				PRODUCT_NAME = "$(TARGET_NAME)";
				TARGETED_DEVICE_FAMILY = 1;
				WRAPPER_EXTENSION = app;
			};
			name = Release;
		};
/* End XCBuildConfiguration section */

/* Begin XCConfigurationList section */
		BFE400BC156CA70000E33279 /* Build configuration list for PBXProject "GBA4iOS" */ = {
			isa = XCConfigurationList;
			buildConfigurations = (
				BFE400E4156CA70100E33279 /* Debug */,
				BFE400E5156CA70100E33279 /* Release */,
				BF1AE921157C4F8B001375E8 /* Ad Hoc */,
			);
			defaultConfigurationIsVisible = 0;
			defaultConfigurationName = Release;
		};
		BFE400E6156CA70100E33279 /* Build configuration list for PBXNativeTarget "GBA4iOS" */ = {
			isa = XCConfigurationList;
			buildConfigurations = (
				BFE400E7156CA70100E33279 /* Debug */,
				BFE400E8156CA70100E33279 /* Release */,
				BF1AE922157C4F8B001375E8 /* Ad Hoc */,
			);
			defaultConfigurationIsVisible = 0;
			defaultConfigurationName = Release;
		};
/* End XCConfigurationList section */
	};
	rootObject = BFE400B9156CA70000E33279 /* Project object */;
}
